
Microsoft Visual Studio Solution File, Format Version 12.00
# Visual Studio 14
VisualStudioVersion = 14.0.25420.1
MinimumVisualStudioVersion = 10.0.40219.1
Project("{FAE04EC0-301F-11D3-BF4B-00C04F79EFBC}") = "NewLeafWebScraper", "NewLeafWebScraper\NewLeafWebScraper.csproj", "{F04040CB-6A17-4DB1-BC40-1DCE6B204F5B}"
EndProject
Global
	GlobalSection(SolutionConfigurationPlatforms) = preSolution
		Debug|Any CPU = Debug|Any CPU
		Release|Any CPU = Release|Any CPU
	EndGlobalSection
	GlobalSection(ProjectConfigurationPlatforms) = postSolution
		{F04040CB-6A17-4DB1-BC40-1DCE6B204F5B}.Debug|Any CPU.ActiveCfg = Debug|Any CPU
		{F04040CB-6A17-4DB1-BC40-1DCE6B204F5B}.Debug|Any CPU.Build.0 = Debug|Any CPU
		{F04040CB-6A17-4DB1-BC40-1DCE6B204F5B}.Release|Any CPU.ActiveCfg = Release|Any CPU
		{F04040CB-6A17-4DB1-BC40-1DCE6B204F5B}.Release|Any CPU.Build.0 = Release|Any CPU
	EndGlobalSection
	GlobalSection(SolutionProperties) = preSolution
		HideSolutionNode = FALSE
	EndGlobalSection
EndGlobal
